// !$*UTF8*$!
{
	archiveVersion = 1;
	classes = {
	};
	objectVersion = 77;
	objects = {

/* Begin PBXBuildFile section */
		AA9CF63A2F564F9B00AF9435 /* Assets.xcassets in Resources */ = {isa = PBXBuildFile; fileRef = AA9CF6302F564F9B00AF9435 /* Assets.xcassets */; };
		AA9CF63C2F564F9B00AF9435 /* LaunchScreen.storyboard in Resources */ = {isa = PBXBuildFile; fileRef = AA9CF6342F564F9B00AF9435 /* LaunchScreen.storyboard */; };
		AA9CF63D2F564F9B00AF9435 /* Main.storyboard in Resources */ = {isa = PBXBuildFile; fileRef = AA9CF6362F564F9B00AF9435 /* Main.storyboard */; };
		AA9CF63E2F564F9B00AF9435 /* HomeTableViewCell.swift in Sources */ = {isa = PBXBuildFile; fileRef = AA9CF62B2F564F9B00AF9435 /* HomeTableViewCell.swift */; };
		AA9CF63F2F564F9B00AF9435 /* MenuItem.swift in Sources */ = {isa = PBXBuildFile; fileRef = AA9CF62D2F564F9B00AF9435 /* MenuItem.swift */; };
		AA9CF6402F564F9B00AF9435 /* AppDelegate.swift in Sources */ = {isa = PBXBuildFile; fileRef = AA9CF62F2F564F9B00AF9435 /* AppDelegate.swift */; };
		AA9CF6412F564F9B00AF9435 /* DataModel.swift in Sources */ = {isa = PBXBuildFile; fileRef = AA9CF6312F564F9B00AF9435 /* DataModel.swift */; };
		AA9CF6422F564F9B00AF9435 /* SceneDelegate.swift in Sources */ = {isa = PBXBuildFile; fileRef = AA9CF6372F564F9B00AF9435 /* SceneDelegate.swift */; };
		AA9CF6432F564F9B00AF9435 /* ViewController.swift in Sources */ = {isa = PBXBuildFile; fileRef = AA9CF6382F564F9B00AF9435 /* ViewController.swift */; };
		AA9CF6482F56512800AF9435 /* TipViewController.swift in Sources */ = {isa = PBXBuildFile; fileRef = AA9CF6472F56512800AF9435 /* TipViewController.swift */; };
		AA9CF64C2F5652B900AF9435 /* TipViweController.storyboard in Resources */ = {isa = PBXBuildFile; fileRef = AA9CF64B2F5652B900AF9435 /* TipViweController.storyboard */; };
		AA9CF64E2F5653CF00AF9435 /* ConfirmViewController.swift in Sources */ = {isa = PBXBuildFile; fileRef = AA9CF64D2F5653CF00AF9435 /* ConfirmViewController.swift */; };
		AA9CF6502F5653E500AF9435 /* ConfirmViewController.storyboard in Resources */ = {isa = PBXBuildFile; fileRef = AA9CF64F2F5653E500AF9435 /* ConfirmViewController.storyboard */; };
		AA9CF6522F56542100AF9435 /* ReceiptViewController.swift in Sources */ = {isa = PBXBuildFile; fileRef = AA9CF6512F56542100AF9435 /* ReceiptViewController.swift */; };
		AA9CF6562F56548400AF9435 /* ReceiptViewController.storyboard in Resources */ = {isa = PBXBuildFile; fileRef = AA9CF6552F56548400AF9435 /* ReceiptViewController.storyboard */; };
		AA9CF6592F5667D200AF9435 /* ConfirmCell.xib in Resources */ = {isa = PBXBuildFile; fileRef = AA9CF6582F5667D200AF9435 /* ConfirmCell.xib */; };
		AA9CF65A2F5667D200AF9435 /* ConfirmCell.swift in Sources */ = {isa = PBXBuildFile; fileRef = AA9CF6572F5667D200AF9435 /* ConfirmCell.swift */; };
/* End PBXBuildFile section */

/* Begin PBXFileReference section */
		AA9CF6092F52826F00AF9435 /* YallBeTippin-2.app */ = {isa = PBXFileReference; explicitFileType = wrapper.application; includeInIndex = 0; path = "YallBeTippin-2.app"; sourceTree = BUILT_PRODUCTS_DIR; };
		AA9CF62B2F564F9B00AF9435 /* HomeTableViewCell.swift */ = {isa = PBXFileReference; lastKnownFileType = sourcecode.swift; path = HomeTableViewCell.swift; sourceTree = "<group>"; };
		AA9CF62D2F564F9B00AF9435 /* MenuItem.swift */ = {isa = PBXFileReference; lastKnownFileType = sourcecode.swift; path = MenuItem.swift; sourceTree = "<group>"; };
		AA9CF62F2F564F9B00AF9435 /* AppDelegate.swift */ = {isa = PBXFileReference; lastKnownFileType = sourcecode.swift; path = AppDelegate.swift; sourceTree = "<group>"; };
		AA9CF6302F564F9B00AF9435 /* Assets.xcassets */ = {isa = PBXFileReference; lastKnownFileType = folder.assetcatalog; path = Assets.xcassets; sourceTree = "<group>"; };
		AA9CF6312F564F9B00AF9435 /* DataModel.swift */ = {isa = PBXFileReference; lastKnownFileType = sourcecode.swift; path = DataModel.swift; sourceTree = "<group>"; };
		AA9CF6322F564F9B00AF9435 /* Info.plist */ = {isa = PBXFileReference; lastKnownFileType = text.plist.xml; path = Info.plist; sourceTree = "<group>"; };
		AA9CF6332F564F9B00AF9435 /* Base */ = {isa = PBXFileReference; lastKnownFileType = file.storyboard; name = Base; path = Base.lproj/LaunchScreen.storyboard; sourceTree = "<group>"; };
		AA9CF6352F564F9B00AF9435 /* Base */ = {isa = PBXFileReference; lastKnownFileType = file.storyboard; name = Base; path = Base.lproj/Main.storyboard; sourceTree = "<group>"; };
		AA9CF6372F564F9B00AF9435 /* SceneDelegate.swift */ = {isa = PBXFileReference; lastKnownFileType = sourcecode.swift; path = SceneDelegate.swift; sourceTree = "<group>"; };
		AA9CF6382F564F9B00AF9435 /* ViewController.swift */ = {isa = PBXFileReference; lastKnownFileType = sourcecode.swift; path = ViewController.swift; sourceTree = "<group>"; };
		AA9CF6472F56512800AF9435 /* TipViewController.swift */ = {isa = PBXFileReference; lastKnownFileType = sourcecode.swift; path = TipViewController.swift; sourceTree = "<group>"; };
		AA9CF64B2F5652B900AF9435 /* TipViweController.storyboard */ = {isa = PBXFileReference; lastKnownFileType = file.storyboard; path = TipViweController.storyboard; sourceTree = "<group>"; };
		AA9CF64D2F5653CF00AF9435 /* ConfirmViewController.swift */ = {isa = PBXFileReference; lastKnownFileType = sourcecode.swift; path = ConfirmViewController.swift; sourceTree = "<group>"; };
		AA9CF64F2F5653E500AF9435 /* ConfirmViewController.storyboard */ = {isa = PBXFileReference; lastKnownFileType = file.storyboard; path = ConfirmViewController.storyboard; sourceTree = "<group>"; };
		AA9CF6512F56542100AF9435 /* ReceiptViewController.swift */ = {isa = PBXFileReference; lastKnownFileType = sourcecode.swift; path = ReceiptViewController.swift; sourceTree = "<group>"; };
		AA9CF6552F56548400AF9435 /* ReceiptViewController.storyboard */ = {isa = PBXFileReference; lastKnownFileType = file.storyboard; path = ReceiptViewController.storyboard; sourceTree = "<group>"; };
		AA9CF6572F5667D200AF9435 /* ConfirmCell.swift */ = {isa = PBXFileReference; lastKnownFileType = sourcecode.swift; path = ConfirmCell.swift; sourceTree = "<group>"; };
		AA9CF6582F5667D200AF9435 /* ConfirmCell.xib */ = {isa = PBXFileReference; lastKnownFileType = file.xib; path = ConfirmCell.xib; sourceTree = "<group>"; };
/* End PBXFileReference section */

/* Begin PBXFrameworksBuildPhase section */
		AA9CF6062F52826F00AF9435 /* Frameworks */ = {
			isa = PBXFrameworksBuildPhase;
			buildActionMask = 2147483647;
			files = (
			);
			runOnlyForDeploymentPostprocessing = 0;
		};
/* End PBXFrameworksBuildPhase section */

/* Begin PBXGroup section */
		AA9CF6002F52826F00AF9435 = {
			isa = PBXGroup;
			children = (
				AA9CF6392F564F9B00AF9435 /* YallBeTippin-2 */,
				AA9CF60A2F52826F00AF9435 /* Products */,
			);
			sourceTree = "<group>";
		};
		AA9CF60A2F52826F00AF9435 /* Products */ = {
			isa = PBXGroup;
			children = (
				AA9CF6092F52826F00AF9435 /* YallBeTippin-2.app */,
			);
			name = Products;
			sourceTree = "<group>";
		};
		AA9CF62C2F564F9B00AF9435 /* Home */ = {
			isa = PBXGroup;
			children = (
				AA9CF62B2F564F9B00AF9435 /* HomeTableViewCell.swift */,
			);
			path = Home;
			sourceTree = "<group>";
		};
		AA9CF62E2F564F9B00AF9435 /* Model */ = {
			isa = PBXGroup;
			children = (
				AA9CF62D2F564F9B00AF9435 /* MenuItem.swift */,
			);
			path = Model;
			sourceTree = "<group>";
		};
		AA9CF6392F564F9B00AF9435 /* YallBeTippin-2 */ = {
			isa = PBXGroup;
			children = (
				AA9CF62E2F564F9B00AF9435 /* Model */,
				AA9CF62F2F564F9B00AF9435 /* AppDelegate.swift */,
				AA9CF6302F564F9B00AF9435 /* Assets.xcassets */,
				AA9CF6312F564F9B00AF9435 /* DataModel.swift */,
				AA9CF6322F564F9B00AF9435 /* Info.plist */,
				AA9CF6342F564F9B00AF9435 /* LaunchScreen.storyboard */,
				AA9CF6362F564F9B00AF9435 /* Main.storyboard */,
				AA9CF6372F564F9B00AF9435 /* SceneDelegate.swift */,
				AA9CF6382F564F9B00AF9435 /* ViewController.swift */,
				AA9CF62C2F564F9B00AF9435 /* Home */,
				AA9CF6442F564FE000AF9435 /* Confirm */,
				AA9CF6462F564FF700AF9435 /* Receipt */,
				AA9CF6452F564FEB00AF9435 /* Tip */,
			);
			path = "YallBeTippin-2";
			sourceTree = "<group>";
		};
		AA9CF6442F564FE000AF9435 /* Confirm */ = {
			isa = PBXGroup;
			children = (
				AA9CF64D2F5653CF00AF9435 /* ConfirmViewController.swift */,
				AA9CF64F2F5653E500AF9435 /* ConfirmViewController.storyboard */,
				AA9CF6572F5667D200AF9435 /* ConfirmCell.swift */,
				AA9CF6582F5667D200AF9435 /* ConfirmCell.xib */,
			);
			path = Confirm;
			sourceTree = "<group>";
		};
		AA9CF6452F564FEB00AF9435 /* Tip */ = {
			isa = PBXGroup;
			children = (
				AA9CF6472F56512800AF9435 /* TipViewController.swift */,
				AA9CF64B2F5652B900AF9435 /* TipViweController.storyboard */,
			);
			path = Tip;
			sourceTree = "<group>";
		};
		AA9CF6462F564FF700AF9435 /* Receipt */ = {
			isa = PBXGroup;
			children = (
				AA9CF6512F56542100AF9435 /* ReceiptViewController.swift */,
				AA9CF6552F56548400AF9435 /* ReceiptViewController.storyboard */,
			);
			path = Receipt;
			sourceTree = "<group>";
		};
/* End PBXGroup section */

/* Begin PBXNativeTarget section */
		AA9CF6082F52826F00AF9435 /* YallBeTippin-2 */ = {
			isa = PBXNativeTarget;
			buildConfigurationList = AA9CF61C2F52827100AF9435 /* Build configuration list for PBXNativeTarget "YallBeTippin-2" */;
			buildPhases = (
				AA9CF6052F52826F00AF9435 /* Sources */,
				AA9CF6062F52826F00AF9435 /* Frameworks */,
				AA9CF6072F52826F00AF9435 /* Resources */,
			);
			buildRules = (
			);
			dependencies = (
			);
			name = "YallBeTippin-2";
			packageProductDependencies = (
			);
			productName = "YallBeTippin-2";
			productReference = AA9CF6092F52826F00AF9435 /* YallBeTippin-2.app */;
			productType = "com.apple.product-type.application";
		};
/* End PBXNativeTarget section */

/* Begin PBXProject section */
		AA9CF6012F52826F00AF9435 /* Project object */ = {
			isa = PBXProject;
			attributes = {
				BuildIndependentTargetsInParallel = 1;
				LastSwiftUpdateCheck = 2620;
				LastUpgradeCheck = 2620;
				TargetAttributes = {
					AA9CF6082F52826F00AF9435 = {
						CreatedOnToolsVersion = 26.2;
					};
				};
			};
			buildConfigurationList = AA9CF6042F52826F00AF9435 /* Build configuration list for PBXProject "YallBeTippin-2" */;
			developmentRegion = en;
			hasScannedForEncodings = 0;
			knownRegions = (
				en,
				Base,
			);
			mainGroup = AA9CF6002F52826F00AF9435;
			minimizedProjectReferenceProxies = 1;
			preferredProjectObjectVersion = 77;
			productRefGroup = AA9CF60A2F52826F00AF9435 /* Products */;
			projectDirPath = "";
			projectRoot = "";
			targets = (
				AA9CF6082F52826F00AF9435 /* YallBeTippin-2 */,
			);
		};
/* End PBXProject section */

/* Begin PBXResourcesBuildPhase section */
		AA9CF6072F52826F00AF9435 /* Resources */ = {
			isa = PBXResourcesBuildPhase;
			buildActionMask = 2147483647;
			files = (
				AA9CF63A2F564F9B00AF9435 /* Assets.xcassets in Resources */,
				AA9CF6592F5667D200AF9435 /* ConfirmCell.xib in Resources */,
				AA9CF63C2F564F9B00AF9435 /* LaunchScreen.storyboard in Resources */,
				AA9CF6502F5653E500AF9435 /* ConfirmViewController.storyboard in Resources */,
				AA9CF63D2F564F9B00AF9435 /* Main.storyboard in Resources */,
				AA9CF6562F56548400AF9435 /* ReceiptViewController.storyboard in Resources */,
				AA9CF64C2F5652B900AF9435 /* TipViweController.storyboard in Resources */,
			);
			runOnlyForDeploymentPostprocessing = 0;
		};
/* End PBXResourcesBuildPhase section */

/* Begin PBXSourcesBuildPhase section */
		AA9CF6052F52826F00AF9435 /* Sources */ = {
			isa = PBXSourcesBuildPhase;
			buildActionMask = 2147483647;
			files = (
				AA9CF65A2F5667D200AF9435 /* ConfirmCell.swift in Sources */,
				AA9CF63E2F564F9B00AF9435 /* HomeTableViewCell.swift in Sources */,
				AA9CF63F2F564F9B00AF9435 /* MenuItem.swift in Sources */,
				AA9CF6402F564F9B00AF9435 /* AppDelegate.swift in Sources */,
				AA9CF6522F56542100AF9435 /* ReceiptViewController.swift in Sources */,
				AA9CF64E2F5653CF00AF9435 /* ConfirmViewController.swift in Sources */,
				AA9CF6482F56512800AF9435 /* TipViewController.swift in Sources */,
				AA9CF6412F564F9B00AF9435 /* DataModel.swift in Sources */,
				AA9CF6422F564F9B00AF9435 /* SceneDelegate.swift in Sources */,
				AA9CF6432F564F9B00AF9435 /* ViewController.swift in Sources */,
			);
			runOnlyForDeploymentPostprocessing = 0;
		};
/* End PBXSourcesBuildPhase section */

/* Begin PBXVariantGroup section */
		AA9CF6342F564F9B00AF9435 /* LaunchScreen.storyboard */ = {
			isa = PBXVariantGroup;
			children = (
				AA9CF6332F564F9B00AF9435 /* Base */,
			);
			name = LaunchScreen.storyboard;
			sourceTree = "<group>";
		};
		AA9CF6362F564F9B00AF9435 /* Main.storyboard */ = {
			isa = PBXVariantGroup;
			children = (
				AA9CF6352F564F9B00AF9435 /* Base */,
			);
			name = Main.storyboard;
			sourceTree = "<group>";
		};
/* End PBXVariantGroup section */

/* Begin XCBuildConfiguration section */
		AA9CF61D2F52827100AF9435 /* Debug */ = {
			isa = XCBuildConfiguration;
			buildSettings = {
				ASSETCATALOG_COMPILER_APPICON_NAME = AppIcon;
				ASSETCATALOG_COMPILER_GLOBAL_ACCENT_COLOR_NAME = AccentColor;
				CODE_SIGN_STYLE = Automatic;
				CURRENT_PROJECT_VERSION = 1;
				GENERATE_INFOPLIST_FILE = YES;
				INFOPLIST_FILE = "YallBeTippin-2/Info.plist";
				INFOPLIST_KEY_UIApplicationSupportsIndirectInputEvents = YES;
				INFOPLIST_KEY_UILaunchStoryboardName = LaunchScreen;
				INFOPLIST_KEY_UIMainStoryboardFile = Main;
				INFOPLIST_KEY_UISupportedInterfaceOrientations_iPad = "UIInterfaceOrientationPortrait UIInterfaceOrientationPortraitUpsideDown UIInterfaceOrientationLandscapeLeft UIInterfaceOrientationLandscapeRight";
				INFOPLIST_KEY_UISupportedInterfaceOrientations_iPhone = "UIInterfaceOrientationPortrait UIInterfaceOrientationLandscapeLeft UIInterfaceOrientationLandscapeRight";
				LD_RUNPATH_SEARCH_PATHS = (
					"$(inherited)",
					"@executable_path/Frameworks",
				);
				MARKETING_VERSION = 1.0;
				PRODUCT_BUNDLE_IDENTIFIER = "volmert.james.com.YallBeTippin-2";
				PRODUCT_NAME = "$(TARGET_NAME)";
				STRING_CATALOG_GENERATE_SYMBOLS = YES;
				SWIFT_APPROACHABLE_CONCURRENCY = YES;
				SWIFT_DEFAULT_ACTOR_ISOLATION = MainActor;
				SWIFT_EMIT_LOC_STRINGS = YES;
				SWIFT_UPCOMING_FEATURE_MEMBER_IMPORT_VISIBILITY = YES;
				SWIFT_VERSION = 5.0;
				TARGETED_DEVICE_FAMILY = "1,2";
			};
			name = Debug;
		};
		AA9CF61E2F52827100AF9435 /* Release */ = {
			isa = XCBuildConfiguration;
			buildSettings = {
				ASSETCATALOG_COMPILER_APPICON_NAME = AppIcon;
				ASSETCATALOG_COMPILER_GLOBAL_ACCENT_COLOR_NAME = AccentColor;
				CODE_SIGN_STYLE = Automatic;
				CURRENT_PROJECT_VERSION = 1;
				GENERATE_INFOPLIST_FILE = YES;
				INFOPLIST_FILE = "YallBeTippin-2/Info.plist";
				INFOPLIST_KEY_UIApplicationSupportsIndirectInputEvents = YES;
				INFOPLIST_KEY_UILaunchStoryboardName = LaunchScreen;
				INFOPLIST_KEY_UIMainStoryboardFile = Main;
				INFOPLIST_KEY_UISupportedInterfaceOrientations_iPad = "UIInterfaceOrientationPortrait UIInterfaceOrientationPortraitUpsideDown UIInterfaceOrientationLandscapeLeft UIInterfaceOrientationLandscapeRight";
				INFOPLIST_KEY_UISupportedInterfaceOrientations_iPhone = "UIInterfaceOrientationPortrait UIInterfaceOrientationLandscapeLeft UIInterfaceOrientationLandscapeRight";
				LD_RUNPATH_SEARCH_PATHS = (
					"$(inherited)",
					"@executable_path/Frameworks",
				);
				MARKETING_VERSION = 1.0;
				PRODUCT_BUNDLE_IDENTIFIER = "volmert.james.com.YallBeTippin-2";
				PRODUCT_NAME = "$(TARGET_NAME)";
				STRING_CATALOG_GENERATE_SYMBOLS = YES;
				SWIFT_APPROACHABLE_CONCURRENCY = YES;
				SWIFT_DEFAULT_ACTOR_ISOLATION = MainActor;
				SWIFT_EMIT_LOC_STRINGS = YES;
				SWIFT_UPCOMING_FEATURE_MEMBER_IMPORT_VISIBILITY = YES;
				SWIFT_VERSION = 5.0;
				TARGETED_DEVICE_FAMILY = "1,2";
			};
			name = Release;
		};
		AA9CF61F2F52827100AF9435 /* Debug */ = {
			isa = XCBuildConfiguration;
			buildSettings = {
				ALWAYS_SEARCH_USER_PATHS = NO;
				ASSETCATALOG_COMPILER_GENERATE_SWIFT_ASSET_SYMBOL_EXTENSIONS = YES;
				CLANG_ANALYZER_NONNULL = YES;
				CLANG_ANALYZER_NUMBER_OBJECT_CONVERSION = YES_AGGRESSIVE;
				CLANG_CXX_LANGUAGE_STANDARD = "gnu++20";
				CLANG_ENABLE_MODULES = YES;
				CLANG_ENABLE_OBJC_ARC = YES;
				CLANG_ENABLE_OBJC_WEAK = YES;
				CLANG_WARN_BLOCK_CAPTURE_AUTORELEASING = YES;
				CLANG_WARN_BOOL_CONVERSION = YES;
				CLANG_WARN_COMMA = YES;
				CLANG_WARN_CONSTANT_CONVERSION = YES;
				CLANG_WARN_DEPRECATED_OBJC_IMPLEMENTATIONS = YES;
				CLANG_WARN_DIRECT_OBJC_ISA_USAGE = YES_ERROR;
				CLANG_WARN_DOCUMENTATION_COMMENTS = YES;
				CLANG_WARN_EMPTY_BODY = YES;
				CLANG_WARN_ENUM_CONVERSION = YES;
				CLANG_WARN_INFINITE_RECURSION = YES;
				CLANG_WARN_INT_CONVERSION = YES;
				CLANG_WARN_NON_LITERAL_NULL_CONVERSION = YES;
				CLANG_WARN_OBJC_IMPLICIT_RETAIN_SELF = YES;
				CLANG_WARN_OBJC_LITERAL_CONVERSION = YES;
				CLANG_WARN_OBJC_ROOT_CLASS = YES_ERROR;
				CLANG_WARN_QUOTED_INCLUDE_IN_FRAMEWORK_HEADER = YES;
				CLANG_WARN_RANGE_LOOP_ANALYSIS = YES;
				CLANG_WARN_STRICT_PROTOTYPES = YES;
				CLANG_WARN_SUSPICIOUS_MOVE = YES;
				CLANG_WARN_UNGUARDED_AVAILABILITY = YES_AGGRESSIVE;
				CLANG_WARN_UNREACHABLE_CODE = YES;
				CLANG_WARN__DUPLICATE_METHOD_MATCH = YES;
				COPY_PHASE_STRIP = NO;
				DEBUG_INFORMATION_FORMAT = dwarf;
				ENABLE_STRICT_OBJC_MSGSEND = YES;
				ENABLE_TESTABILITY = YES;
				ENABLE_USER_SCRIPT_SANDBOXING = YES;
				GCC_C_LANGUAGE_STANDARD = gnu17;
				GCC_DYNAMIC_NO_PIC = NO;
				GCC_NO_COMMON_BLOCKS = YES;
				GCC_OPTIMIZATION_LEVEL = 0;
				GCC_PREPROCESSOR_DEFINITIONS = (
					"DEBUG=1",
					"$(inherited)",
				);
				GCC_WARN_64_TO_32_BIT_CONVERSION = YES;
				GCC_WARN_ABOUT_RETURN_TYPE = YES_ERROR;
				GCC_WARN_UNDECLARED_SELECTOR = YES;
				GCC_WARN_UNINITIALIZED_AUTOS = YES_AGGRESSIVE;
				GCC_WARN_UNUSED_FUNCTION = YES;
				GCC_WARN_UNUSED_VARIABLE = YES;
				IPHONEOS_DEPLOYMENT_TARGET = 26.2;
				LOCALIZATION_PREFERS_STRING_CATALOGS = YES;
				MTL_ENABLE_DEBUG_INFO = INCLUDE_SOURCE;
				MTL_FAST_MATH = YES;
				ONLY_ACTIVE_ARCH = YES;
				SDKROOT = iphoneos;
				SWIFT_ACTIVE_COMPILATION_CONDITIONS = "DEBUG $(inherited)";
				SWIFT_OPTIMIZATION_LEVEL = "-Onone";
			};
			name = Debug;
		};
		AA9CF6202F52827100AF9435 /* Release */ = {
			isa = XCBuildConfiguration;
			buildSettings = {
				ALWAYS_SEARCH_USER_PATHS = NO;
				ASSETCATALOG_COMPILER_GENERATE_SWIFT_ASSET_SYMBOL_EXTENSIONS = YES;
				CLANG_ANALYZER_NONNULL = YES;
				CLANG_ANALYZER_NUMBER_OBJECT_CONVERSION = YES_AGGRESSIVE;
				CLANG_CXX_LANGUAGE_STANDARD = "gnu++20";
				CLANG_ENABLE_MODULES = YES;
				CLANG_ENABLE_OBJC_ARC = YES;
				CLANG_ENABLE_OBJC_WEAK = YES;
				CLANG_WARN_BLOCK_CAPTURE_AUTORELEASING = YES;
				CLANG_WARN_BOOL_CONVERSION = YES;
				CLANG_WARN_COMMA = YES;
				CLANG_WARN_CONSTANT_CONVERSION = YES;
				CLANG_WARN_DEPRECATED_OBJC_IMPLEMENTATIONS = YES;
				CLANG_WARN_DIRECT_OBJC_ISA_USAGE = YES_ERROR;
				CLANG_WARN_DOCUMENTATION_COMMENTS = YES;
				CLANG_WARN_EMPTY_BODY = YES;
				CLANG_WARN_ENUM_CONVERSION = YES;
				CLANG_WARN_INFINITE_RECURSION = YES;
				CLANG_WARN_INT_CONVERSION = YES;
				CLANG_WARN_NON_LITERAL_NULL_CONVERSION = YES;
				CLANG_WARN_OBJC_IMPLICIT_RETAIN_SELF = YES;
				CLANG_WARN_OBJC_LITERAL_CONVERSION = YES;
				CLANG_WARN_OBJC_ROOT_CLASS = YES_ERROR;
				CLANG_WARN_QUOTED_INCLUDE_IN_FRAMEWORK_HEADER = YES;
				CLANG_WARN_RANGE_LOOP_ANALYSIS = YES;
				CLANG_WARN_STRICT_PROTOTYPES = YES;
				CLANG_WARN_SUSPICIOUS_MOVE = YES;
				CLANG_WARN_UNGUARDED_AVAILABILITY = YES_AGGRESSIVE;
				CLANG_WARN_UNREACHABLE_CODE = YES;
				CLANG_WARN__DUPLICATE_METHOD_MATCH = YES;
				COPY_PHASE_STRIP = NO;
				DEBUG_INFORMATION_FORMAT = "dwarf-with-dsym";
				ENABLE_NS_ASSERTIONS = NO;
				ENABLE_STRICT_OBJC_MSGSEND = YES;
				ENABLE_USER_SCRIPT_SANDBOXING = YES;
				GCC_C_LANGUAGE_STANDARD = gnu17;
				GCC_NO_COMMON_BLOCKS = YES;
				GCC_WARN_64_TO_32_BIT_CONVERSION = YES;
				GCC_WARN_ABOUT_RETURN_TYPE = YES_ERROR;
				GCC_WARN_UNDECLARED_SELECTOR = YES;
				GCC_WARN_UNINITIALIZED_AUTOS = YES_AGGRESSIVE;
				GCC_WARN_UNUSED_FUNCTION = YES;
				GCC_WARN_UNUSED_VARIABLE = YES;
				IPHONEOS_DEPLOYMENT_TARGET = 26.2;
				LOCALIZATION_PREFERS_STRING_CATALOGS = YES;
				MTL_ENABLE_DEBUG_INFO = NO;
				MTL_FAST_MATH = YES;
				SDKROOT = iphoneos;
				SWIFT_COMPILATION_MODE = wholemodule;
				VALIDATE_PRODUCT = YES;
			};
			name = Release;
		};
/* End XCBuildConfiguration section */

/* Begin XCConfigurationList section */
		AA9CF6042F52826F00AF9435 /* Build configuration list for PBXProject "YallBeTippin-2" */ = {
			isa = XCConfigurationList;
			buildConfigurations = (
				AA9CF61F2F52827100AF9435 /* Debug */,
				AA9CF6202F52827100AF9435 /* Release */,
			);
			defaultConfigurationIsVisible = 0;
			defaultConfigurationName = Release;
		};
		AA9CF61C2F52827100AF9435 /* Build configuration list for PBXNativeTarget "YallBeTippin-2" */ = {
			isa = XCConfigurationList;
			buildConfigurations = (
				AA9CF61D2F52827100AF9435 /* Debug */,
				AA9CF61E2F52827100AF9435 /* Release */,
			);
			defaultConfigurationIsVisible = 0;
			defaultConfigurationName = Release;
		};
/* End XCConfigurationList section */
	};
	rootObject = AA9CF6012F52826F00AF9435 /* Project object */;
}
